// !$*UTF8*$!
{
	archiveVersion = 1;
	classes = {
	};
	objectVersion = 56;
	objects = {

/* Begin PBXBuildFile section */
		980D82532CB3244100276832 /* DataState.json in Resources */ = {isa = PBXBuildFile; fileRef = 980D82522CB3244100276832 /* DataState.json */; };
		980D82542CB3244100276832 /* DataNation.json in Resources */ = {isa = PBXBuildFile; fileRef = 980D82512CB3244100276832 /* DataNation.json */; };
		980D82552CB3263600276832 /* DataNation.json in Resources */ = {isa = PBXBuildFile; fileRef = 980D82512CB3244100276832 /* DataNation.json */; };
		980D82562CB3263600276832 /* DataNation.json in Resources */ = {isa = PBXBuildFile; fileRef = 980D82512CB3244100276832 /* DataNation.json */; };
		980D82572CB3263D00276832 /* DataState.json in Resources */ = {isa = PBXBuildFile; fileRef = 980D82522CB3244100276832 /* DataState.json */; };
		980D82582CB3263D00276832 /* DataState.json in Resources */ = {isa = PBXBuildFile; fileRef = 980D82522CB3244100276832 /* DataState.json */; };
		980D825B2CB32B8100276832 /* StateListView.swift in Sources */ = {isa = PBXBuildFile; fileRef = 980D825A2CB32B7900276832 /* StateListView.swift */; };
		980D825D2CB32C4700276832 /* NationRepository.swift in Sources */ = {isa = PBXBuildFile; fileRef = 980D825C2CB32C4100276832 /* NationRepository.swift */; };
		980D825F2CB32CA300276832 /* NationListView.swift in Sources */ = {isa = PBXBuildFile; fileRef = 980D825E2CB32C9F00276832 /* NationListView.swift */; };
		980D82612CB32D3300276832 /* NationViewModel.swift in Sources */ = {isa = PBXBuildFile; fileRef = 980D82602CB32D2F00276832 /* NationViewModel.swift */; };
		980D82632CB3466A00276832 /* DisplayView.swift in Sources */ = {isa = PBXBuildFile; fileRef = 980D82622CB3465E00276832 /* DisplayView.swift */; };
		980D82652CB34B6900276832 /* EnvironmentValues.swift in Sources */ = {isa = PBXBuildFile; fileRef = 980D82642CB34B6900276832 /* EnvironmentValues.swift */; };
		980D82672CB34B8900276832 /* ErrorMessage.swift in Sources */ = {isa = PBXBuildFile; fileRef = 980D82662CB34B8900276832 /* ErrorMessage.swift */; };
		980D82692CB352BE00276832 /* MockNationRepository.swift in Sources */ = {isa = PBXBuildFile; fileRef = 980D82682CB352B800276832 /* MockNationRepository.swift */; };
		98459A642CB2FF0B004C3856 /* MockNetworkService.swift in Sources */ = {isa = PBXBuildFile; fileRef = 98459A5D2CB2FF0B004C3856 /* MockNetworkService.swift */; };
		98459A662CB2FF0B004C3856 /* MockStateRepository.swift in Sources */ = {isa = PBXBuildFile; fileRef = 98459A5E2CB2FF0B004C3856 /* MockStateRepository.swift */; };
		98459A6F2CB3004F004C3856 /* NationData.swift in Sources */ = {isa = PBXBuildFile; fileRef = 98459A6E2CB3002C004C3856 /* NationData.swift */; };
		98459A712CB30147004C3856 /* Nation.swift in Sources */ = {isa = PBXBuildFile; fileRef = 98459A702CB30147004C3856 /* Nation.swift */; };
		98459A762CB30318004C3856 /* StateData.swift in Sources */ = {isa = PBXBuildFile; fileRef = 98459A752CB3030E004C3856 /* StateData.swift */; };
		98459A782CB303A1004C3856 /* StatePopulation.swift in Sources */ = {isa = PBXBuildFile; fileRef = 98459A772CB303A1004C3856 /* StatePopulation.swift */; };
		98459A7A2CB303F5004C3856 /* MeasureType.swift in Sources */ = {isa = PBXBuildFile; fileRef = 98459A792CB303F5004C3856 /* MeasureType.swift */; };
		98459A7B2CB30407004C3856 /* MeasureType.swift in Sources */ = {isa = PBXBuildFile; fileRef = 98459A792CB303F5004C3856 /* MeasureType.swift */; };
		98459A7C2CB30407004C3856 /* MeasureType.swift in Sources */ = {isa = PBXBuildFile; fileRef = 98459A792CB303F5004C3856 /* MeasureType.swift */; };
		98459A832CB30B61004C3856 /* NetworkServiceProtocol.swift in Sources */ = {isa = PBXBuildFile; fileRef = 98459A822CB30B61004C3856 /* NetworkServiceProtocol.swift */; };
		98459A842CB30B61004C3856 /* NetworkServiceProtocol.swift in Sources */ = {isa = PBXBuildFile; fileRef = 98459A822CB30B61004C3856 /* NetworkServiceProtocol.swift */; };
		98459A852CB30B61004C3856 /* NetworkServiceProtocol.swift in Sources */ = {isa = PBXBuildFile; fileRef = 98459A822CB30B61004C3856 /* NetworkServiceProtocol.swift */; };
		98459A872CB30D16004C3856 /* RepositoryProtocol.swift in Sources */ = {isa = PBXBuildFile; fileRef = 98459A862CB30D16004C3856 /* RepositoryProtocol.swift */; };
		98459A882CB30D16004C3856 /* RepositoryProtocol.swift in Sources */ = {isa = PBXBuildFile; fileRef = 98459A862CB30D16004C3856 /* RepositoryProtocol.swift */; };
		98459A892CB30D16004C3856 /* RepositoryProtocol.swift in Sources */ = {isa = PBXBuildFile; fileRef = 98459A862CB30D16004C3856 /* RepositoryProtocol.swift */; };
		98459A8C2CB30E63004C3856 /* StateViewModel.swift in Sources */ = {isa = PBXBuildFile; fileRef = 98459A8B2CB30E5B004C3856 /* StateViewModel.swift */; };
		98459A8E2CB30EAE004C3856 /* StateRepository.swift in Sources */ = {isa = PBXBuildFile; fileRef = 98459A8D2CB30EA9004C3856 /* StateRepository.swift */; };
		98459A912CB310F3004C3856 /* EndPoint.swift in Sources */ = {isa = PBXBuildFile; fileRef = 98459A902CB310E9004C3856 /* EndPoint.swift */; };
		98459A952CB31B89004C3856 /* DependencyContainer.swift in Sources */ = {isa = PBXBuildFile; fileRef = 98459A942CB31B81004C3856 /* DependencyContainer.swift */; };
		98459A982CB31F22004C3856 /* NetworkService.swift in Sources */ = {isa = PBXBuildFile; fileRef = 98459A972CB31F22004C3856 /* NetworkService.swift */; };
		986779632CAF52FD00508F88 /* ContentView.swift in Sources */ = {isa = PBXBuildFile; fileRef = 986779622CAF52FD00508F88 /* ContentView.swift */; };
		98F05FA52C85146100B8998B /* DataUSAApp.swift in Sources */ = {isa = PBXBuildFile; fileRef = 98F05FA42C85146100B8998B /* DataUSAApp.swift */; };
		98F05FA92C85146300B8998B /* Assets.xcassets in Resources */ = {isa = PBXBuildFile; fileRef = 98F05FA82C85146300B8998B /* Assets.xcassets */; };
		98F05FAC2C85146300B8998B /* Preview Assets.xcassets in Resources */ = {isa = PBXBuildFile; fileRef = 98F05FAB2C85146300B8998B /* Preview Assets.xcassets */; };
		98F05FB62C85146300B8998B /* DataUSATests.swift in Sources */ = {isa = PBXBuildFile; fileRef = 98F05FB52C85146300B8998B /* DataUSATests.swift */; };
		98F05FC02C85146300B8998B /* DataUSAUITests.swift in Sources */ = {isa = PBXBuildFile; fileRef = 98F05FBF2C85146300B8998B /* DataUSAUITests.swift */; };
		98F05FC22C85146300B8998B /* DataUSAUITestsLaunchTests.swift in Sources */ = {isa = PBXBuildFile; fileRef = 98F05FC12C85146300B8998B /* DataUSAUITestsLaunchTests.swift */; };
/* End PBXBuildFile section */

/* Begin PBXContainerItemProxy section */
		98F05FB22C85146300B8998B /* PBXContainerItemProxy */ = {
			isa = PBXContainerItemProxy;
			containerPortal = 98F05F992C85146100B8998B /* Project object */;
			proxyType = 1;
			remoteGlobalIDString = 98F05FA02C85146100B8998B;
			remoteInfo = DataUSA;
		};
		98F05FBC2C85146300B8998B /* PBXContainerItemProxy */ = {
			isa = PBXContainerItemProxy;
			containerPortal = 98F05F992C85146100B8998B /* Project object */;
			proxyType = 1;
			remoteGlobalIDString = 98F05FA02C85146100B8998B;
			remoteInfo = DataUSA;
		};
/* End PBXContainerItemProxy section */

/* Begin PBXFileReference section */
		980D82512CB3244100276832 /* DataNation.json */ = {isa = PBXFileReference; lastKnownFileType = text.json; path = DataNation.json; sourceTree = "<group>"; };
		980D82522CB3244100276832 /* DataState.json */ = {isa = PBXFileReference; lastKnownFileType = text.json; path = DataState.json; sourceTree = "<group>"; };
		980D825A2CB32B7900276832 /* StateListView.swift */ = {isa = PBXFileReference; lastKnownFileType = sourcecode.swift; path = StateListView.swift; sourceTree = "<group>"; };
		980D825C2CB32C4100276832 /* NationRepository.swift */ = {isa = PBXFileReference; lastKnownFileType = sourcecode.swift; path = NationRepository.swift; sourceTree = "<group>"; };
		980D825E2CB32C9F00276832 /* NationListView.swift */ = {isa = PBXFileReference; lastKnownFileType = sourcecode.swift; path = NationListView.swift; sourceTree = "<group>"; };
		980D82602CB32D2F00276832 /* NationViewModel.swift */ = {isa = PBXFileReference; lastKnownFileType = sourcecode.swift; path = NationViewModel.swift; sourceTree = "<group>"; };
		980D82622CB3465E00276832 /* DisplayView.swift */ = {isa = PBXFileReference; lastKnownFileType = sourcecode.swift; path = DisplayView.swift; sourceTree = "<group>"; };
		980D82642CB34B6900276832 /* EnvironmentValues.swift */ = {isa = PBXFileReference; lastKnownFileType = sourcecode.swift; path = EnvironmentValues.swift; sourceTree = "<group>"; };
		980D82662CB34B8900276832 /* ErrorMessage.swift */ = {isa = PBXFileReference; lastKnownFileType = sourcecode.swift; path = ErrorMessage.swift; sourceTree = "<group>"; };
		980D82682CB352B800276832 /* MockNationRepository.swift */ = {isa = PBXFileReference; lastKnownFileType = sourcecode.swift; path = MockNationRepository.swift; sourceTree = "<group>"; };
		98459A5D2CB2FF0B004C3856 /* MockNetworkService.swift */ = {isa = PBXFileReference; lastKnownFileType = sourcecode.swift; path = MockNetworkService.swift; sourceTree = "<group>"; };
		98459A5E2CB2FF0B004C3856 /* MockStateRepository.swift */ = {isa = PBXFileReference; lastKnownFileType = sourcecode.swift; path = MockStateRepository.swift; sourceTree = "<group>"; };
		98459A6E2CB3002C004C3856 /* NationData.swift */ = {isa = PBXFileReference; lastKnownFileType = sourcecode.swift; path = NationData.swift; sourceTree = "<group>"; };
		98459A702CB30147004C3856 /* Nation.swift */ = {isa = PBXFileReference; lastKnownFileType = sourcecode.swift; path = Nation.swift; sourceTree = "<group>"; };
		98459A752CB3030E004C3856 /* StateData.swift */ = {isa = PBXFileReference; lastKnownFileType = sourcecode.swift; path = StateData.swift; sourceTree = "<group>"; };
		98459A772CB303A1004C3856 /* StatePopulation.swift */ = {isa = PBXFileReference; lastKnownFileType = sourcecode.swift; path = StatePopulation.swift; sourceTree = "<group>"; };
		98459A792CB303F5004C3856 /* MeasureType.swift */ = {isa = PBXFileReference; lastKnownFileType = sourcecode.swift; path = MeasureType.swift; sourceTree = "<group>"; };
		98459A822CB30B61004C3856 /* NetworkServiceProtocol.swift */ = {isa = PBXFileReference; lastKnownFileType = sourcecode.swift; path = NetworkServiceProtocol.swift; sourceTree = "<group>"; };
		98459A862CB30D16004C3856 /* RepositoryProtocol.swift */ = {isa = PBXFileReference; lastKnownFileType = sourcecode.swift; path = RepositoryProtocol.swift; sourceTree = "<group>"; };
		98459A8B2CB30E5B004C3856 /* StateViewModel.swift */ = {isa = PBXFileReference; lastKnownFileType = sourcecode.swift; path = StateViewModel.swift; sourceTree = "<group>"; };
		98459A8D2CB30EA9004C3856 /* StateRepository.swift */ = {isa = PBXFileReference; lastKnownFileType = sourcecode.swift; path = StateRepository.swift; sourceTree = "<group>"; };
		98459A902CB310E9004C3856 /* EndPoint.swift */ = {isa = PBXFileReference; lastKnownFileType = sourcecode.swift; path = EndPoint.swift; sourceTree = "<group>"; };
		98459A922CB3113A004C3856 /* Info.plist */ = {isa = PBXFileReference; lastKnownFileType = text.plist; path = Info.plist; sourceTree = "<group>"; };
		98459A942CB31B81004C3856 /* DependencyContainer.swift */ = {isa = PBXFileReference; lastKnownFileType = sourcecode.swift; path = DependencyContainer.swift; sourceTree = "<group>"; };
		98459A972CB31F22004C3856 /* NetworkService.swift */ = {isa = PBXFileReference; lastKnownFileType = sourcecode.swift; path = NetworkService.swift; sourceTree = "<group>"; };
		986779622CAF52FD00508F88 /* ContentView.swift */ = {isa = PBXFileReference; lastKnownFileType = sourcecode.swift; path = ContentView.swift; sourceTree = "<group>"; };
		98F05FA12C85146100B8998B /* DataUSA.app */ = {isa = PBXFileReference; explicitFileType = wrapper.application; includeInIndex = 0; path = DataUSA.app; sourceTree = BUILT_PRODUCTS_DIR; };
		98F05FA42C85146100B8998B /* DataUSAApp.swift */ = {isa = PBXFileReference; lastKnownFileType = sourcecode.swift; path = DataUSAApp.swift; sourceTree = "<group>"; };
		98F05FA82C85146300B8998B /* Assets.xcassets */ = {isa = PBXFileReference; lastKnownFileType = folder.assetcatalog; path = Assets.xcassets; sourceTree = "<group>"; };
		98F05FAB2C85146300B8998B /* Preview Assets.xcassets */ = {isa = PBXFileReference; lastKnownFileType = folder.assetcatalog; path = "Preview Assets.xcassets"; sourceTree = "<group>"; };
		98F05FB12C85146300B8998B /* DataUSATests.xctest */ = {isa = PBXFileReference; explicitFileType = wrapper.cfbundle; includeInIndex = 0; path = DataUSATests.xctest; sourceTree = BUILT_PRODUCTS_DIR; };
		98F05FB52C85146300B8998B /* DataUSATests.swift */ = {isa = PBXFileReference; lastKnownFileType = sourcecode.swift; path = DataUSATests.swift; sourceTree = "<group>"; };
		98F05FBB2C85146300B8998B /* DataUSAUITests.xctest */ = {isa = PBXFileReference; explicitFileType = wrapper.cfbundle; includeInIndex = 0; path = DataUSAUITests.xctest; sourceTree = BUILT_PRODUCTS_DIR; };
		98F05FBF2C85146300B8998B /* DataUSAUITests.swift */ = {isa = PBXFileReference; lastKnownFileType = sourcecode.swift; path = DataUSAUITests.swift; sourceTree = "<group>"; };
		98F05FC12C85146300B8998B /* DataUSAUITestsLaunchTests.swift */ = {isa = PBXFileReference; lastKnownFileType = sourcecode.swift; path = DataUSAUITestsLaunchTests.swift; sourceTree = "<group>"; };
/* End PBXFileReference section */

/* Begin PBXFrameworksBuildPhase section */
		98F05F9E2C85146100B8998B /* Frameworks */ = {
			isa = PBXFrameworksBuildPhase;
			buildActionMask = 2147483647;
			files = (
			);
			runOnlyForDeploymentPostprocessing = 0;
		};
		98F05FAE2C85146300B8998B /* Frameworks */ = {
			isa = PBXFrameworksBuildPhase;
			buildActionMask = 2147483647;
			files = (
			);
			runOnlyForDeploymentPostprocessing = 0;
		};
		98F05FB82C85146300B8998B /* Frameworks */ = {
			isa = PBXFrameworksBuildPhase;
			buildActionMask = 2147483647;
			files = (
			);
			runOnlyForDeploymentPostprocessing = 0;
		};
/* End PBXFrameworksBuildPhase section */

/* Begin PBXGroup section */
		980D82592CB32B7000276832 /* Components */ = {
			isa = PBXGroup;
			children = (
				986779622CAF52FD00508F88 /* ContentView.swift */,
				980D82622CB3465E00276832 /* DisplayView.swift */,
				980D825E2CB32C9F00276832 /* NationListView.swift */,
				980D825A2CB32B7900276832 /* StateListView.swift */,
			);
			path = Components;
			sourceTree = "<group>";
		};
		98459A5F2CB2FF0B004C3856 /* Network */ = {
			isa = PBXGroup;
			children = (
				980D82682CB352B800276832 /* MockNationRepository.swift */,
				98459A5D2CB2FF0B004C3856 /* MockNetworkService.swift */,
				98459A5E2CB2FF0B004C3856 /* MockStateRepository.swift */,
			);
			path = Network;
			sourceTree = "<group>";
		};
		98459A622CB2FF0B004C3856 /* Mocks */ = {
			isa = PBXGroup;
			children = (
				98459A5F2CB2FF0B004C3856 /* Network */,
			);
			path = Mocks;
			sourceTree = "<group>";
		};
		98459A6B2CB30002004C3856 /* Models */ = {
			isa = PBXGroup;
			children = (
				98459A792CB303F5004C3856 /* MeasureType.swift */,
				98459A772CB303A1004C3856 /* StatePopulation.swift */,
				98459A752CB3030E004C3856 /* StateData.swift */,
				98459A702CB30147004C3856 /* Nation.swift */,
				98459A6E2CB3002C004C3856 /* NationData.swift */,
			);
			path = Models;
			sourceTree = "<group>";
		};
		98459A722CB30190004C3856 /* Repositories */ = {
			isa = PBXGroup;
			children = (
				980D825C2CB32C4100276832 /* NationRepository.swift */,
				98459A8D2CB30EA9004C3856 /* StateRepository.swift */,
			);
			path = Repositories;
			sourceTree = "<group>";
		};
		98459A7D2CB306DA004C3856 /* Protocols */ = {
			isa = PBXGroup;
			children = (
				98459A862CB30D16004C3856 /* RepositoryProtocol.swift */,
				98459A822CB30B61004C3856 /* NetworkServiceProtocol.swift */,
			);
			path = Protocols;
			sourceTree = "<group>";
		};
		98459A8A2CB30E53004C3856 /* ViewModels */ = {
			isa = PBXGroup;
			children = (
				980D82602CB32D2F00276832 /* NationViewModel.swift */,
				98459A8B2CB30E5B004C3856 /* StateViewModel.swift */,
			);
			path = ViewModels;
			sourceTree = "<group>";
		};
		98459A8F2CB310E3004C3856 /* Common */ = {
			isa = PBXGroup;
			children = (
				980D82662CB34B8900276832 /* ErrorMessage.swift */,
				980D82642CB34B6900276832 /* EnvironmentValues.swift */,
				98459A942CB31B81004C3856 /* DependencyContainer.swift */,
				98459A902CB310E9004C3856 /* EndPoint.swift */,
			);
			path = Common;
			sourceTree = "<group>";
		};
		98459A962CB31F12004C3856 /* Services */ = {
			isa = PBXGroup;
			children = (
				98459A972CB31F22004C3856 /* NetworkService.swift */,
			);
			path = Services;
			sourceTree = "<group>";
		};
		98F05F982C85146100B8998B = {
			isa = PBXGroup;
			children = (
				98F05FA32C85146100B8998B /* DataUSA */,
				98F05FB42C85146300B8998B /* DataUSATests */,
				98F05FBE2C85146300B8998B /* DataUSAUITests */,
				98F05FA22C85146100B8998B /* Products */,
			);
			sourceTree = "<group>";
		};
		98F05FA22C85146100B8998B /* Products */ = {
			isa = PBXGroup;
			children = (
				98F05FA12C85146100B8998B /* DataUSA.app */,
				98F05FB12C85146300B8998B /* DataUSATests.xctest */,
				98F05FBB2C85146300B8998B /* DataUSAUITests.xctest */,
			);
			name = Products;
			sourceTree = "<group>";
		};
		98F05FA32C85146100B8998B /* DataUSA */ = {
			isa = PBXGroup;
			children = (
				980D82592CB32B7000276832 /* Components */,
				98459A962CB31F12004C3856 /* Services */,
				98459A922CB3113A004C3856 /* Info.plist */,
				98459A8F2CB310E3004C3856 /* Common */,
				98459A8A2CB30E53004C3856 /* ViewModels */,
				98459A7D2CB306DA004C3856 /* Protocols */,
				98459A722CB30190004C3856 /* Repositories */,
				98459A6B2CB30002004C3856 /* Models */,
				98F05FA42C85146100B8998B /* DataUSAApp.swift */,
				98F05FA82C85146300B8998B /* Assets.xcassets */,
				98F05FAA2C85146300B8998B /* Preview Content */,
			);
			path = DataUSA;
			sourceTree = "<group>";
		};
		98F05FAA2C85146300B8998B /* Preview Content */ = {
			isa = PBXGroup;
			children = (
				98F05FAB2C85146300B8998B /* Preview Assets.xcassets */,
			);
			path = "Preview Content";
			sourceTree = "<group>";
		};
		98F05FB42C85146300B8998B /* DataUSATests */ = {
			isa = PBXGroup;
			children = (
				980D82512CB3244100276832 /* DataNation.json */,
				980D82522CB3244100276832 /* DataState.json */,
				98F05FB52C85146300B8998B /* DataUSATests.swift */,
				98459A622CB2FF0B004C3856 /* Mocks */,
			);
			path = DataUSATests;
			sourceTree = "<group>";
		};
		98F05FBE2C85146300B8998B /* DataUSAUITests */ = {
			isa = PBXGroup;
			children = (
				98F05FBF2C85146300B8998B /* DataUSAUITests.swift */,
				98F05FC12C85146300B8998B /* DataUSAUITestsLaunchTests.swift */,
			);
			path = DataUSAUITests;
			sourceTree = "<group>";
		};
/* End PBXGroup section */

/* Begin PBXNativeTarget section */
		98F05FA02C85146100B8998B /* DataUSA */ = {
			isa = PBXNativeTarget;
			buildConfigurationList = 98F05FC52C85146300B8998B /* Build configuration list for PBXNativeTarget "DataUSA" */;
			buildPhases = (
				98F05F9D2C85146100B8998B /* Sources */,
				98F05F9E2C85146100B8998B /* Frameworks */,
				98F05F9F2C85146100B8998B /* Resources */,
			);
			buildRules = (
			);
			dependencies = (
			);
			name = DataUSA;
			productName = DataUSA;
			productReference = 98F05FA12C85146100B8998B /* DataUSA.app */;
			productType = "com.apple.product-type.application";
		};
		98F05FB02C85146300B8998B /* DataUSATests */ = {
			isa = PBXNativeTarget;
			buildConfigurationList = 98F05FC82C85146300B8998B /* Build configuration list for PBXNativeTarget "DataUSATests" */;
			buildPhases = (
				98F05FAD2C85146300B8998B /* Sources */,
				98F05FAE2C85146300B8998B /* Frameworks */,
				98F05FAF2C85146300B8998B /* Resources */,
			);
			buildRules = (
			);
			dependencies = (
				98F05FB32C85146300B8998B /* PBXTargetDependency */,
			);
			name = DataUSATests;
			productName = DataUSATests;
			productReference = 98F05FB12C85146300B8998B /* DataUSATests.xctest */;
			productType = "com.apple.product-type.bundle.unit-test";
		};
		98F05FBA2C85146300B8998B /* DataUSAUITests */ = {
			isa = PBXNativeTarget;
			buildConfigurationList = 98F05FCB2C85146300B8998B /* Build configuration list for PBXNativeTarget "DataUSAUITests" */;
			buildPhases = (
				98F05FB72C85146300B8998B /* Sources */,
				98F05FB82C85146300B8998B /* Frameworks */,
				98F05FB92C85146300B8998B /* Resources */,
			);
			buildRules = (
			);
			dependencies = (
				98F05FBD2C85146300B8998B /* PBXTargetDependency */,
			);
			name = DataUSAUITests;
			productName = DataUSAUITests;
			productReference = 98F05FBB2C85146300B8998B /* DataUSAUITests.xctest */;
			productType = "com.apple.product-type.bundle.ui-testing";
		};
/* End PBXNativeTarget section */

/* Begin PBXProject section */
		98F05F992C85146100B8998B /* Project object */ = {
			isa = PBXProject;
			attributes = {
				BuildIndependentTargetsInParallel = 1;
				LastSwiftUpdateCheck = 1540;
				LastUpgradeCheck = 1540;
				TargetAttributes = {
					98F05FA02C85146100B8998B = {
						CreatedOnToolsVersion = 15.4;
					};
					98F05FB02C85146300B8998B = {
						CreatedOnToolsVersion = 15.4;
						TestTargetID = 98F05FA02C85146100B8998B;
					};
					98F05FBA2C85146300B8998B = {
						CreatedOnToolsVersion = 15.4;
						TestTargetID = 98F05FA02C85146100B8998B;
					};
				};
			};
			buildConfigurationList = 98F05F9C2C85146100B8998B /* Build configuration list for PBXProject "DataUSA" */;
			compatibilityVersion = "Xcode 14.0";
			developmentRegion = en;
			hasScannedForEncodings = 0;
			knownRegions = (
				en,
				Base,
			);
			mainGroup = 98F05F982C85146100B8998B;
			productRefGroup = 98F05FA22C85146100B8998B /* Products */;
			projectDirPath = "";
			projectRoot = "";
			targets = (
				98F05FA02C85146100B8998B /* DataUSA */,
				98F05FB02C85146300B8998B /* DataUSATests */,
				98F05FBA2C85146300B8998B /* DataUSAUITests */,
			);
		};
/* End PBXProject section */

/* Begin PBXResourcesBuildPhase section */
		98F05F9F2C85146100B8998B /* Resources */ = {
			isa = PBXResourcesBuildPhase;
			buildActionMask = 2147483647;
			files = (
				980D82552CB3263600276832 /* DataNation.json in Resources */,
				980D82572CB3263D00276832 /* DataState.json in Resources */,
				98F05FAC2C85146300B8998B /* Preview Assets.xcassets in Resources */,
				98F05FA92C85146300B8998B /* Assets.xcassets in Resources */,
			);
			runOnlyForDeploymentPostprocessing = 0;
		};
		98F05FAF2C85146300B8998B /* Resources */ = {
			isa = PBXResourcesBuildPhase;
			buildActionMask = 2147483647;
			files = (
				980D82532CB3244100276832 /* DataState.json in Resources */,
				980D82542CB3244100276832 /* DataNation.json in Resources */,
			);
			runOnlyForDeploymentPostprocessing = 0;
		};
		98F05FB92C85146300B8998B /* Resources */ = {
			isa = PBXResourcesBuildPhase;
			buildActionMask = 2147483647;
			files = (
				980D82562CB3263600276832 /* DataNation.json in Resources */,
				980D82582CB3263D00276832 /* DataState.json in Resources */,
			);
			runOnlyForDeploymentPostprocessing = 0;
		};
/* End PBXResourcesBuildPhase section */

/* Begin PBXSourcesBuildPhase section */
		98F05F9D2C85146100B8998B /* Sources */ = {
			isa = PBXSourcesBuildPhase;
			buildActionMask = 2147483647;
			files = (
				98459A952CB31B89004C3856 /* DependencyContainer.swift in Sources */,
				980D82672CB34B8900276832 /* ErrorMessage.swift in Sources */,
				98459A8E2CB30EAE004C3856 /* StateRepository.swift in Sources */,
				98459A7A2CB303F5004C3856 /* MeasureType.swift in Sources */,
				98459A712CB30147004C3856 /* Nation.swift in Sources */,
				98F05FA52C85146100B8998B /* DataUSAApp.swift in Sources */,
				980D82652CB34B6900276832 /* EnvironmentValues.swift in Sources */,
				98459A892CB30D16004C3856 /* RepositoryProtocol.swift in Sources */,
				98459A832CB30B61004C3856 /* NetworkServiceProtocol.swift in Sources */,
				98459A912CB310F3004C3856 /* EndPoint.swift in Sources */,
				986779632CAF52FD00508F88 /* ContentView.swift in Sources */,
				98459A6F2CB3004F004C3856 /* NationData.swift in Sources */,
				980D825D2CB32C4700276832 /* NationRepository.swift in Sources */,
				98459A982CB31F22004C3856 /* NetworkService.swift in Sources */,
				98459A8C2CB30E63004C3856 /* StateViewModel.swift in Sources */,
				98459A782CB303A1004C3856 /* StatePopulation.swift in Sources */,
				980D825F2CB32CA300276832 /* NationListView.swift in Sources */,
				980D825B2CB32B8100276832 /* StateListView.swift in Sources */,
				980D82632CB3466A00276832 /* DisplayView.swift in Sources */,
				98459A762CB30318004C3856 /* StateData.swift in Sources */,
				980D82612CB32D3300276832 /* NationViewModel.swift in Sources */,
			);
			runOnlyForDeploymentPostprocessing = 0;
		};
		98F05FAD2C85146300B8998B /* Sources */ = {
			isa = PBXSourcesBuildPhase;
			buildActionMask = 2147483647;
			files = (
				98459A7B2CB30407004C3856 /* MeasureType.swift in Sources */,
				98459A642CB2FF0B004C3856 /* MockNetworkService.swift in Sources */,
				98459A842CB30B61004C3856 /* NetworkServiceProtocol.swift in Sources */,
				98459A662CB2FF0B004C3856 /* MockStateRepository.swift in Sources */,
				980D82692CB352BE00276832 /* MockNationRepository.swift in Sources */,
				98F05FB62C85146300B8998B /* DataUSATests.swift in Sources */,
				98459A872CB30D16004C3856 /* RepositoryProtocol.swift in Sources */,
			);
			runOnlyForDeploymentPostprocessing = 0;
		};
		98F05FB72C85146300B8998B /* Sources */ = {
			isa = PBXSourcesBuildPhase;
			buildActionMask = 2147483647;
			files = (
				98F05FC22C85146300B8998B /* DataUSAUITestsLaunchTests.swift in Sources */,
				98459A7C2CB30407004C3856 /* MeasureType.swift in Sources */,
				98F05FC02C85146300B8998B /* DataUSAUITests.swift in Sources */,
				98459A852CB30B61004C3856 /* NetworkServiceProtocol.swift in Sources */,
				98459A882CB30D16004C3856 /* RepositoryProtocol.swift in Sources */,
			);
			runOnlyForDeploymentPostprocessing = 0;
		};
/* End PBXSourcesBuildPhase section */

/* Begin PBXTargetDependency section */
		98F05FB32C85146300B8998B /* PBXTargetDependency */ = {
			isa = PBXTargetDependency;
			target = 98F05FA02C85146100B8998B /* DataUSA */;
			targetProxy = 98F05FB22C85146300B8998B /* PBXContainerItemProxy */;
		};
		98F05FBD2C85146300B8998B /* PBXTargetDependency */ = {
			isa = PBXTargetDependency;
			target = 98F05FA02C85146100B8998B /* DataUSA */;
			targetProxy = 98F05FBC2C85146300B8998B /* PBXContainerItemProxy */;
		};
/* End PBXTargetDependency section */

/* Begin XCBuildConfiguration section */
		98F05FC32C85146300B8998B /* Debug */ = {
			isa = XCBuildConfiguration;
			buildSettings = {
				ALWAYS_SEARCH_USER_PATHS = NO;
				ASSETCATALOG_COMPILER_GENERATE_SWIFT_ASSET_SYMBOL_EXTENSIONS = YES;
				CLANG_ANALYZER_NONNULL = YES;
				CLANG_ANALYZER_NUMBER_OBJECT_CONVERSION = YES_AGGRESSIVE;
				CLANG_CXX_LANGUAGE_STANDARD = "gnu++20";
				CLANG_ENABLE_MODULES = YES;
				CLANG_ENABLE_OBJC_ARC = YES;
				CLANG_ENABLE_OBJC_WEAK = YES;
				CLANG_WARN_BLOCK_CAPTURE_AUTORELEASING = YES;
				CLANG_WARN_BOOL_CONVERSION = YES;
				CLANG_WARN_COMMA = YES;
				CLANG_WARN_CONSTANT_CONVERSION = YES;
				CLANG_WARN_DEPRECATED_OBJC_IMPLEMENTATIONS = YES;
				CLANG_WARN_DIRECT_OBJC_ISA_USAGE = YES_ERROR;
				CLANG_WARN_DOCUMENTATION_COMMENTS = YES;
				CLANG_WARN_EMPTY_BODY = YES;
				CLANG_WARN_ENUM_CONVERSION = YES;
				CLANG_WARN_INFINITE_RECURSION = YES;
				CLANG_WARN_INT_CONVERSION = YES;
				CLANG_WARN_NON_LITERAL_NULL_CONVERSION = YES;
				CLANG_WARN_OBJC_IMPLICIT_RETAIN_SELF = YES;
				CLANG_WARN_OBJC_LITERAL_CONVERSION = YES;
				CLANG_WARN_OBJC_ROOT_CLASS = YES_ERROR;
				CLANG_WARN_QUOTED_INCLUDE_IN_FRAMEWORK_HEADER = YES;
				CLANG_WARN_RANGE_LOOP_ANALYSIS = YES;
				CLANG_WARN_STRICT_PROTOTYPES = YES;
				CLANG_WARN_SUSPICIOUS_MOVE = YES;
				CLANG_WARN_UNGUARDED_AVAILABILITY = YES_AGGRESSIVE;
				CLANG_WARN_UNREACHABLE_CODE = YES;
				CLANG_WARN__DUPLICATE_METHOD_MATCH = YES;
				COPY_PHASE_STRIP = NO;
				DEBUG_INFORMATION_FORMAT = dwarf;
				ENABLE_STRICT_OBJC_MSGSEND = YES;
				ENABLE_TESTABILITY = YES;
				ENABLE_USER_SCRIPT_SANDBOXING = YES;
				GCC_C_LANGUAGE_STANDARD = gnu17;
				GCC_DYNAMIC_NO_PIC = NO;
				GCC_NO_COMMON_BLOCKS = YES;
				GCC_OPTIMIZATION_LEVEL = 0;
				GCC_PREPROCESSOR_DEFINITIONS = (
					"DEBUG=1",
					"$(inherited)",
				);
				GCC_WARN_64_TO_32_BIT_CONVERSION = YES;
				GCC_WARN_ABOUT_RETURN_TYPE = YES_ERROR;
				GCC_WARN_UNDECLARED_SELECTOR = YES;
				GCC_WARN_UNINITIALIZED_AUTOS = YES_AGGRESSIVE;
				GCC_WARN_UNUSED_FUNCTION = YES;
				GCC_WARN_UNUSED_VARIABLE = YES;
				IPHONEOS_DEPLOYMENT_TARGET = 17.5;
				LOCALIZATION_PREFERS_STRING_CATALOGS = YES;
				MTL_ENABLE_DEBUG_INFO = INCLUDE_SOURCE;
				MTL_FAST_MATH = YES;
				ONLY_ACTIVE_ARCH = YES;
				SDKROOT = iphoneos;
				SWIFT_ACTIVE_COMPILATION_CONDITIONS = "DEBUG $(inherited)";
				SWIFT_OPTIMIZATION_LEVEL = "-Onone";
			};
			name = Debug;
		};
		98F05FC42C85146300B8998B /* Release */ = {
			isa = XCBuildConfiguration;
			buildSettings = {
				ALWAYS_SEARCH_USER_PATHS = NO;
				ASSETCATALOG_COMPILER_GENERATE_SWIFT_ASSET_SYMBOL_EXTENSIONS = YES;
				CLANG_ANALYZER_NONNULL = YES;
				CLANG_ANALYZER_NUMBER_OBJECT_CONVERSION = YES_AGGRESSIVE;
				CLANG_CXX_LANGUAGE_STANDARD = "gnu++20";
				CLANG_ENABLE_MODULES = YES;
				CLANG_ENABLE_OBJC_ARC = YES;
				CLANG_ENABLE_OBJC_WEAK = YES;
				CLANG_WARN_BLOCK_CAPTURE_AUTORELEASING = YES;
				CLANG_WARN_BOOL_CONVERSION = YES;
				CLANG_WARN_COMMA = YES;
				CLANG_WARN_CONSTANT_CONVERSION = YES;
				CLANG_WARN_DEPRECATED_OBJC_IMPLEMENTATIONS = YES;
				CLANG_WARN_DIRECT_OBJC_ISA_USAGE = YES_ERROR;
				CLANG_WARN_DOCUMENTATION_COMMENTS = YES;
				CLANG_WARN_EMPTY_BODY = YES;
				CLANG_WARN_ENUM_CONVERSION = YES;
				CLANG_WARN_INFINITE_RECURSION = YES;
				CLANG_WARN_INT_CONVERSION = YES;
				CLANG_WARN_NON_LITERAL_NULL_CONVERSION = YES;
				CLANG_WARN_OBJC_IMPLICIT_RETAIN_SELF = YES;
				CLANG_WARN_OBJC_LITERAL_CONVERSION = YES;
				CLANG_WARN_OBJC_ROOT_CLASS = YES_ERROR;
				CLANG_WARN_QUOTED_INCLUDE_IN_FRAMEWORK_HEADER = YES;
				CLANG_WARN_RANGE_LOOP_ANALYSIS = YES;
				CLANG_WARN_STRICT_PROTOTYPES = YES;
				CLANG_WARN_SUSPICIOUS_MOVE = YES;
				CLANG_WARN_UNGUARDED_AVAILABILITY = YES_AGGRESSIVE;
				CLANG_WARN_UNREACHABLE_CODE = YES;
				CLANG_WARN__DUPLICATE_METHOD_MATCH = YES;
				COPY_PHASE_STRIP = NO;
				DEBUG_INFORMATION_FORMAT = "dwarf-with-dsym";
				ENABLE_NS_ASSERTIONS = NO;
				ENABLE_STRICT_OBJC_MSGSEND = YES;
				ENABLE_USER_SCRIPT_SANDBOXING = YES;
				GCC_C_LANGUAGE_STANDARD = gnu17;
				GCC_NO_COMMON_BLOCKS = YES;
				GCC_WARN_64_TO_32_BIT_CONVERSION = YES;
				GCC_WARN_ABOUT_RETURN_TYPE = YES_ERROR;
				GCC_WARN_UNDECLARED_SELECTOR = YES;
				GCC_WARN_UNINITIALIZED_AUTOS = YES_AGGRESSIVE;
				GCC_WARN_UNUSED_FUNCTION = YES;
				GCC_WARN_UNUSED_VARIABLE = YES;
				IPHONEOS_DEPLOYMENT_TARGET = 17.5;
				LOCALIZATION_PREFERS_STRING_CATALOGS = YES;
				MTL_ENABLE_DEBUG_INFO = NO;
				MTL_FAST_MATH = YES;
				SDKROOT = iphoneos;
				SWIFT_COMPILATION_MODE = wholemodule;
				VALIDATE_PRODUCT = YES;
			};
			name = Release;
		};
		98F05FC62C85146300B8998B /* Debug */ = {
			isa = XCBuildConfiguration;
			buildSettings = {
				ASSETCATALOG_COMPILER_APPICON_NAME = AppIcon;
				ASSETCATALOG_COMPILER_GLOBAL_ACCENT_COLOR_NAME = AccentColor;
				CODE_SIGN_STYLE = Automatic;
				CURRENT_PROJECT_VERSION = 1;
				DEVELOPMENT_ASSET_PATHS = "\"DataUSA/Preview Content\"";
				DEVELOPMENT_TEAM = HXGGE8M769;
				ENABLE_PREVIEWS = YES;
				GENERATE_INFOPLIST_FILE = YES;
				INFOPLIST_FILE = DataUSA/Info.plist;
				INFOPLIST_KEY_UIApplicationSceneManifest_Generation = YES;
				INFOPLIST_KEY_UIApplicationSupportsIndirectInputEvents = YES;
				INFOPLIST_KEY_UILaunchScreen_Generation = YES;
				INFOPLIST_KEY_UISupportedInterfaceOrientations_iPad = "UIInterfaceOrientationPortrait UIInterfaceOrientationPortraitUpsideDown UIInterfaceOrientationLandscapeLeft UIInterfaceOrientationLandscapeRight";
				INFOPLIST_KEY_UISupportedInterfaceOrientations_iPhone = "UIInterfaceOrientationPortrait UIInterfaceOrientationLandscapeLeft UIInterfaceOrientationLandscapeRight";
				LD_RUNPATH_SEARCH_PATHS = (
					"$(inherited)",
					"@executable_path/Frameworks",
				);
				MARKETING_VERSION = 1.0;
				PRODUCT_BUNDLE_IDENTIFIER = com.leoStudies.DataUSA;
				PRODUCT_NAME = "$(TARGET_NAME)";
				SWIFT_EMIT_LOC_STRINGS = YES;
				SWIFT_VERSION = 5.0;
				TARGETED_DEVICE_FAMILY = "1,2";
			};
			name = Debug;
		};
		98F05FC72C85146300B8998B /* Release */ = {
			isa = XCBuildConfiguration;
			buildSettings = {
				ASSETCATALOG_COMPILER_APPICON_NAME = AppIcon;
				ASSETCATALOG_COMPILER_GLOBAL_ACCENT_COLOR_NAME = AccentColor;
				CODE_SIGN_STYLE = Automatic;
				CURRENT_PROJECT_VERSION = 1;
				DEVELOPMENT_ASSET_PATHS = "\"DataUSA/Preview Content\"";
				DEVELOPMENT_TEAM = HXGGE8M769;
				ENABLE_PREVIEWS = YES;
				GENERATE_INFOPLIST_FILE = YES;
				INFOPLIST_FILE = DataUSA/Info.plist;
				INFOPLIST_KEY_UIApplicationSceneManifest_Generation = YES;
				INFOPLIST_KEY_UIApplicationSupportsIndirectInputEvents = YES;
				INFOPLIST_KEY_UILaunchScreen_Generation = YES;
				INFOPLIST_KEY_UISupportedInterfaceOrientations_iPad = "UIInterfaceOrientationPortrait UIInterfaceOrientationPortraitUpsideDown UIInterfaceOrientationLandscapeLeft UIInterfaceOrientationLandscapeRight";
				INFOPLIST_KEY_UISupportedInterfaceOrientations_iPhone = "UIInterfaceOrientationPortrait UIInterfaceOrientationLandscapeLeft UIInterfaceOrientationLandscapeRight";
				LD_RUNPATH_SEARCH_PATHS = (
					"$(inherited)",
					"@executable_path/Frameworks",
				);
				MARKETING_VERSION = 1.0;
				PRODUCT_BUNDLE_IDENTIFIER = com.leoStudies.DataUSA;
				PRODUCT_NAME = "$(TARGET_NAME)";
				SWIFT_EMIT_LOC_STRINGS = YES;
				SWIFT_VERSION = 5.0;
				TARGETED_DEVICE_FAMILY = "1,2";
			};
			name = Release;
		};
		98F05FC92C85146300B8998B /* Debug */ = {
			isa = XCBuildConfiguration;
			buildSettings = {
				ALWAYS_EMBED_SWIFT_STANDARD_LIBRARIES = YES;
				BUNDLE_LOADER = "$(TEST_HOST)";
				CODE_SIGN_STYLE = Automatic;
				CURRENT_PROJECT_VERSION = 1;
				DEVELOPMENT_TEAM = HXGGE8M769;
				GENERATE_INFOPLIST_FILE = YES;
				IPHONEOS_DEPLOYMENT_TARGET = 17.5;
				MARKETING_VERSION = 1.0;
				PRODUCT_BUNDLE_IDENTIFIER = com.leoStudies.DataUSATests;
				PRODUCT_NAME = "$(TARGET_NAME)";
				SWIFT_EMIT_LOC_STRINGS = NO;
				SWIFT_VERSION = 5.0;
				TARGETED_DEVICE_FAMILY = "1,2";
				TEST_HOST = "$(BUILT_PRODUCTS_DIR)/DataUSA.app/$(BUNDLE_EXECUTABLE_FOLDER_PATH)/DataUSA";
			};
			name = Debug;
		};
		98F05FCA2C85146300B8998B /* Release */ = {
			isa = XCBuildConfiguration;
			buildSettings = {
				ALWAYS_EMBED_SWIFT_STANDARD_LIBRARIES = YES;
				BUNDLE_LOADER = "$(TEST_HOST)";
				CODE_SIGN_STYLE = Automatic;
				CURRENT_PROJECT_VERSION = 1;
				DEVELOPMENT_TEAM = HXGGE8M769;
				GENERATE_INFOPLIST_FILE = YES;
				IPHONEOS_DEPLOYMENT_TARGET = 17.5;
				MARKETING_VERSION = 1.0;
				PRODUCT_BUNDLE_IDENTIFIER = com.leoStudies.DataUSATests;
				PRODUCT_NAME = "$(TARGET_NAME)";
				SWIFT_EMIT_LOC_STRINGS = NO;
				SWIFT_VERSION = 5.0;
				TARGETED_DEVICE_FAMILY = "1,2";
				TEST_HOST = "$(BUILT_PRODUCTS_DIR)/DataUSA.app/$(BUNDLE_EXECUTABLE_FOLDER_PATH)/DataUSA";
			};
			name = Release;
		};
		98F05FCC2C85146300B8998B /* Debug */ = {
			isa = XCBuildConfiguration;
			buildSettings = {
				ALWAYS_EMBED_SWIFT_STANDARD_LIBRARIES = YES;
				CODE_SIGN_STYLE = Automatic;
				CURRENT_PROJECT_VERSION = 1;
				DEVELOPMENT_TEAM = HXGGE8M769;
				GENERATE_INFOPLIST_FILE = YES;
				MARKETING_VERSION = 1.0;
				PRODUCT_BUNDLE_IDENTIFIER = com.leoStudies.DataUSAUITests;
				PRODUCT_NAME = "$(TARGET_NAME)";
				SWIFT_EMIT_LOC_STRINGS = NO;
				SWIFT_VERSION = 5.0;
				TARGETED_DEVICE_FAMILY = "1,2";
				TEST_TARGET_NAME = DataUSA;
			};
			name = Debug;
		};
		98F05FCD2C85146300B8998B /* Release */ = {
			isa = XCBuildConfiguration;
			buildSettings = {
				ALWAYS_EMBED_SWIFT_STANDARD_LIBRARIES = YES;
				CODE_SIGN_STYLE = Automatic;
				CURRENT_PROJECT_VERSION = 1;
				DEVELOPMENT_TEAM = HXGGE8M769;
				GENERATE_INFOPLIST_FILE = YES;
				MARKETING_VERSION = 1.0;
				PRODUCT_BUNDLE_IDENTIFIER = com.leoStudies.DataUSAUITests;
				PRODUCT_NAME = "$(TARGET_NAME)";
				SWIFT_EMIT_LOC_STRINGS = NO;
				SWIFT_VERSION = 5.0;
				TARGETED_DEVICE_FAMILY = "1,2";
				TEST_TARGET_NAME = DataUSA;
			};
			name = Release;
		};
/* End XCBuildConfiguration section */

/* Begin XCConfigurationList section */
		98F05F9C2C85146100B8998B /* Build configuration list for PBXProject "DataUSA" */ = {
			isa = XCConfigurationList;
			buildConfigurations = (
				98F05FC32C85146300B8998B /* Debug */,
				98F05FC42C85146300B8998B /* Release */,
			);
			defaultConfigurationIsVisible = 0;
			defaultConfigurationName = Release;
		};
		98F05FC52C85146300B8998B /* Build configuration list for PBXNativeTarget "DataUSA" */ = {
			isa = XCConfigurationList;
			buildConfigurations = (
				98F05FC62C85146300B8998B /* Debug */,
				98F05FC72C85146300B8998B /* Release */,
			);
			defaultConfigurationIsVisible = 0;
			defaultConfigurationName = Release;
		};
		98F05FC82C85146300B8998B /* Build configuration list for PBXNativeTarget "DataUSATests" */ = {
			isa = XCConfigurationList;
			buildConfigurations = (
				98F05FC92C85146300B8998B /* Debug */,
				98F05FCA2C85146300B8998B /* Release */,
			);
			defaultConfigurationIsVisible = 0;
			defaultConfigurationName = Release;
		};
		98F05FCB2C85146300B8998B /* Build configuration list for PBXNativeTarget "DataUSAUITests" */ = {
			isa = XCConfigurationList;
			buildConfigurations = (
				98F05FCC2C85146300B8998B /* Debug */,
				98F05FCD2C85146300B8998B /* Release */,
			);
			defaultConfigurationIsVisible = 0;
			defaultConfigurationName = Release;
		};
/* End XCConfigurationList section */
	};
	rootObject = 98F05F992C85146100B8998B /* Project object */;
}
